
Microsoft Visual Studio Solution File, Format Version 12.00
# Visual Studio Version 16
VisualStudioVersion = 16.0.30717.126
MinimumVisualStudioVersion = 10.0.40219.1
Project("{FAE04EC0-301F-11D3-BF4B-00C04F79EFBC}") = "ProyekSDP", "ProyekSDP.csproj", "{B4699C24-628A-435E-B4EA-7129E869DB5D}"
EndProject
Global
	GlobalSection(SolutionConfigurationPlatforms) = preSolution
		Debug|Any CPU = Debug|Any CPU
		Release|Any CPU = Release|Any CPU
	EndGlobalSection
	GlobalSection(ProjectConfigurationPlatforms) = postSolution
		{B4699C24-628A-435E-B4EA-7129E869DB5D}.Debug|Any CPU.ActiveCfg = Debug|Any CPU
		{B4699C24-628A-435E-B4EA-7129E869DB5D}.Debug|Any CPU.Build.0 = Debug|Any CPU
		{B4699C24-628A-435E-B4EA-7129E869DB5D}.Release|Any CPU.ActiveCfg = Release|Any CPU
		{B4699C24-628A-435E-B4EA-7129E869DB5D}.Release|Any CPU.Build.0 = Release|Any CPU
	EndGlobalSection
	GlobalSection(SolutionProperties) = preSolution
		HideSolutionNode = FALSE
	EndGlobalSection
	GlobalSection(ExtensibilityGlobals) = postSolution
		SolutionGuid = {ACFC1075-8E10-4CD7-8B7F-CD19F1EE7F11}
	EndGlobalSection
EndGlobal
